
Microsoft Visual Studio Solution File, Format Version 12.00
# Visual Studio Version 16
VisualStudioVersion = 16.0.30804.86
MinimumVisualStudioVersion = 10.0.40219.1
Project("{FAE04EC0-301F-11D3-BF4B-00C04F79EFBC}") = "Web_Api", "Web_Api\Web_Api.csproj", "{DF21959E-75FC-42DE-8D35-7862D18E26D7}"
EndProject
Global
	GlobalSection(SolutionConfigurationPlatforms) = preSolution
		Debug|Any CPU = Debug|Any CPU
		Release|Any CPU = Release|Any CPU
	EndGlobalSection
	GlobalSection(ProjectConfigurationPlatforms) = postSolution
		{DF21959E-75FC-42DE-8D35-7862D18E26D7}.Debug|Any CPU.ActiveCfg = Debug|Any CPU
		{DF21959E-75FC-42DE-8D35-7862D18E26D7}.Debug|Any CPU.Build.0 = Debug|Any CPU
		{DF21959E-75FC-42DE-8D35-7862D18E26D7}.Release|Any CPU.ActiveCfg = Release|Any CPU
		{DF21959E-75FC-42DE-8D35-7862D18E26D7}.Release|Any CPU.Build.0 = Release|Any CPU
	EndGlobalSection
	GlobalSection(SolutionProperties) = preSolution
		HideSolutionNode = FALSE
	EndGlobalSection
	GlobalSection(ExtensibilityGlobals) = postSolution
		SolutionGuid = {AD6EBD8D-2C52-4B1E-9602-824667BC368B}
	EndGlobalSection
EndGlobal
